
Microsoft Visual Studio Solution File, Format Version 12.00
# Visual Studio Version 17
VisualStudioVersion = 17.6.33723.286
MinimumVisualStudioVersion = 10.0.40219.1
Project("{FAE04EC0-301F-11D3-BF4B-00C04F79EFBC}") = "Association", "Association.csproj", "{12D976FA-9FF7-41B7-A932-853667830164}"
EndProject
Global
	GlobalSection(SolutionConfigurationPlatforms) = preSolution
		Debug|Any CPU = Debug|Any CPU
		Release|Any CPU = Release|Any CPU
	EndGlobalSection
	GlobalSection(ProjectConfigurationPlatforms) = postSolution
		{12D976FA-9FF7-41B7-A932-853667830164}.Debug|Any CPU.ActiveCfg = Debug|Any CPU
		{12D976FA-9FF7-41B7-A932-853667830164}.Debug|Any CPU.Build.0 = Debug|Any CPU
		{12D976FA-9FF7-41B7-A932-853667830164}.Release|Any CPU.ActiveCfg = Release|Any CPU
		{12D976FA-9FF7-41B7-A932-853667830164}.Release|Any CPU.Build.0 = Release|Any CPU
	EndGlobalSection
	GlobalSection(SolutionProperties) = preSolution
		HideSolutionNode = FALSE
	EndGlobalSection
	GlobalSection(ExtensibilityGlobals) = postSolution
		SolutionGuid = {02FB76B7-4759-4012-B874-52B90342899A}
	EndGlobalSection
EndGlobal
